
Microsoft Visual Studio Solution File, Format Version 12.00
# Visual Studio 15
VisualStudioVersion = 15.0.26403.0
MinimumVisualStudioVersion = 10.0.40219.1
Project("{FAE04EC0-301F-11D3-BF4B-00C04F79EFBC}") = "PMT.Web", "PMT.Web\PMT.Web.csproj", "{BEBF9219-A627-48A6-8F5C-AA80DE0D0720}"
EndProject
Project("{FAE04EC0-301F-11D3-BF4B-00C04F79EFBC}") = "PMT.Web.Tests", "PMT.Web.Tests\PMT.Web.Tests.csproj", "{6262612B-1037-42F7-92FC-504A9D65B91B}"
EndProject
Global
	GlobalSection(SolutionConfigurationPlatforms) = preSolution
		Debug|Any CPU = Debug|Any CPU
		Release|Any CPU = Release|Any CPU
	EndGlobalSection
	GlobalSection(ProjectConfigurationPlatforms) = postSolution
		{BEBF9219-A627-48A6-8F5C-AA80DE0D0720}.Debug|Any CPU.ActiveCfg = Debug|Any CPU
		{BEBF9219-A627-48A6-8F5C-AA80DE0D0720}.Debug|Any CPU.Build.0 = Debug|Any CPU
		{BEBF9219-A627-48A6-8F5C-AA80DE0D0720}.Release|Any CPU.ActiveCfg = Release|Any CPU
		{BEBF9219-A627-48A6-8F5C-AA80DE0D0720}.Release|Any CPU.Build.0 = Release|Any CPU
		{6262612B-1037-42F7-92FC-504A9D65B91B}.Debug|Any CPU.ActiveCfg = Debug|Any CPU
		{6262612B-1037-42F7-92FC-504A9D65B91B}.Debug|Any CPU.Build.0 = Debug|Any CPU
		{6262612B-1037-42F7-92FC-504A9D65B91B}.Release|Any CPU.ActiveCfg = Release|Any CPU
		{6262612B-1037-42F7-92FC-504A9D65B91B}.Release|Any CPU.Build.0 = Release|Any CPU
	EndGlobalSection
	GlobalSection(SolutionProperties) = preSolution
		HideSolutionNode = FALSE
	EndGlobalSection
EndGlobal
